// !$*UTF8*$!
{
	archiveVersion = 1;
	classes = {
	};
	objectVersion = 55;
	objects = {

/* Begin PBXBuildFile section */
		B908AE3129D6018400F0CD3B /* MoviePreviewCell.swift in Sources */ = {isa = PBXBuildFile; fileRef = B908AE3029D6018400F0CD3B /* MoviePreviewCell.swift */; };
		B91F3F9729C8A6D6006D97A3 /* SearchView.swift in Sources */ = {isa = PBXBuildFile; fileRef = B91F3F9629C8A6D6006D97A3 /* SearchView.swift */; };
		B91F3F9929C8A76C006D97A3 /* SearchVM.swift in Sources */ = {isa = PBXBuildFile; fileRef = B91F3F9829C8A76C006D97A3 /* SearchVM.swift */; };
		B91F3F9B29C8D6C1006D97A3 /* GenereteMovies.swift in Sources */ = {isa = PBXBuildFile; fileRef = B91F3F9A29C8D6C1006D97A3 /* GenereteMovies.swift */; };
		B924744D299582B500A07249 /* MovieDetail.swift in Sources */ = {isa = PBXBuildFile; fileRef = B924744C299582B500A07249 /* MovieDetail.swift */; };
		B924744E299582B500A07249 /* MovieDetail.swift in Sources */ = {isa = PBXBuildFile; fileRef = B924744C299582B500A07249 /* MovieDetail.swift */; };
		B93068C929D25C9400591DFA /* SearchResultsGrid.swift in Sources */ = {isa = PBXBuildFile; fileRef = B93068C829D25C9400591DFA /* SearchResultsGrid.swift */; };
		B93068CB29D3244100591DFA /* ComingSoon.swift in Sources */ = {isa = PBXBuildFile; fileRef = B93068CA29D3244100591DFA /* ComingSoon.swift */; };
		B93068CD29D324B100591DFA /* ContentView.swift in Sources */ = {isa = PBXBuildFile; fileRef = B9E713E229836ED10075E228 /* ContentView.swift */; };
		B93068CF29D324DA00591DFA /* NotificationBar.swift in Sources */ = {isa = PBXBuildFile; fileRef = B93068CE29D324DA00591DFA /* NotificationBar.swift */; };
		B93068D129D32B4C00591DFA /* ComingSoonRow.swift in Sources */ = {isa = PBXBuildFile; fileRef = B93068D029D32B4C00591DFA /* ComingSoonRow.swift */; };
		B93068D329D478E100591DFA /* ComingSoonVM.swift in Sources */ = {isa = PBXBuildFile; fileRef = B93068D229D478E100591DFA /* ComingSoonVM.swift */; };
		B93068D529D47CB200591DFA /* TrackableScrollView.swift in Sources */ = {isa = PBXBuildFile; fileRef = B93068D429D47CB200591DFA /* TrackableScrollView.swift */; };
		B93068D729D4D4A500591DFA /* DownloadsView.swift in Sources */ = {isa = PBXBuildFile; fileRef = B93068D629D4D4A500591DFA /* DownloadsView.swift */; };
		B944731429A697F400164FA0 /* CustomTabSwitcher.swift in Sources */ = {isa = PBXBuildFile; fileRef = B944731329A697F400164FA0 /* CustomTabSwitcher.swift */; };
		B944731629A9582100164FA0 /* CustomTabSwitcher.swift in Sources */ = {isa = PBXBuildFile; fileRef = B944731329A697F400164FA0 /* CustomTabSwitcher.swift */; };
		B944731829A9583100164FA0 /* MoreLikeThis.swift in Sources */ = {isa = PBXBuildFile; fileRef = B944731729A9583100164FA0 /* MoreLikeThis.swift */; };
		B9454603298C4E6900A744F1 /* SmallVerticalButton.swift in Sources */ = {isa = PBXBuildFile; fileRef = B9454602298C4E6900A744F1 /* SmallVerticalButton.swift */; };
		B9454604298C4E6900A744F1 /* SmallVerticalButton.swift in Sources */ = {isa = PBXBuildFile; fileRef = B9454602298C4E6900A744F1 /* SmallVerticalButton.swift */; };
		B9454606298D59BB00A744F1 /* PlayButton.swift in Sources */ = {isa = PBXBuildFile; fileRef = B9454605298D59BB00A744F1 /* PlayButton.swift */; };
		B9454607298D59BB00A744F1 /* PlayButton.swift in Sources */ = {isa = PBXBuildFile; fileRef = B9454605298D59BB00A744F1 /* PlayButton.swift */; };
		B957093029AD40B6003310B2 /* Trailer.swift in Sources */ = {isa = PBXBuildFile; fileRef = B957092F29AD40B6003310B2 /* Trailer.swift */; };
		B957093229AD418A003310B2 /* SwiftUIVideoView.swift in Sources */ = {isa = PBXBuildFile; fileRef = B957093129AD418A003310B2 /* SwiftUIVideoView.swift */; };
		B957093529AD460D003310B2 /* VideoPreviewImage.swift in Sources */ = {isa = PBXBuildFile; fileRef = B957093429AD460D003310B2 /* VideoPreviewImage.swift */; };
		B957093729AD4A1A003310B2 /* TrailerList.swift in Sources */ = {isa = PBXBuildFile; fileRef = B957093629AD4A1A003310B2 /* TrailerList.swift */; };
		B957093829AD50C2003310B2 /* Trailer.swift in Sources */ = {isa = PBXBuildFile; fileRef = B957092F29AD40B6003310B2 /* Trailer.swift */; };
		B957093C29AE9363003310B2 /* EpisodesView.swift in Sources */ = {isa = PBXBuildFile; fileRef = B957093B29AE9363003310B2 /* EpisodesView.swift */; };
		B96BAD9929B8FA87008A158A /* ActivityIndicator.swift in Sources */ = {isa = PBXBuildFile; fileRef = B96BAD9829B8FA87008A158A /* ActivityIndicator.swift */; };
		B983E620299AD820007D5FA2 /* Episode.swift in Sources */ = {isa = PBXBuildFile; fileRef = B983E61F299AD820007D5FA2 /* Episode.swift */; };
		B983E622299AD840007D5FA2 /* Episode.swift in Sources */ = {isa = PBXBuildFile; fileRef = B983E61F299AD820007D5FA2 /* Episode.swift */; };
		B9CFF8C429CDD9970019C4B6 /* PopularMovieView.swift in Sources */ = {isa = PBXBuildFile; fileRef = B9CFF8C329CDD9970019C4B6 /* PopularMovieView.swift */; };
		B9D1861D2988BA1300F3D8AD /* HomeVM.swift in Sources */ = {isa = PBXBuildFile; fileRef = B9D1861C2988BA1300F3D8AD /* HomeVM.swift */; };
		B9D1861E2988BA1300F3D8AD /* HomeVM.swift in Sources */ = {isa = PBXBuildFile; fileRef = B9D1861C2988BA1300F3D8AD /* HomeVM.swift */; };
		B9D18620298B198B00F3D8AD /* TopMoviePreview.swift in Sources */ = {isa = PBXBuildFile; fileRef = B9D1861F298B198B00F3D8AD /* TopMoviePreview.swift */; };
		B9D18621298B198B00F3D8AD /* TopMoviePreview.swift in Sources */ = {isa = PBXBuildFile; fileRef = B9D1861F298B198B00F3D8AD /* TopMoviePreview.swift */; };
		B9DDF6C129D76E290020CEB5 /* MoviePreviewRow.swift in Sources */ = {isa = PBXBuildFile; fileRef = B9DDF6C029D76E290020CEB5 /* MoviePreviewRow.swift */; };
		B9E698FD29B659BA00024B90 /* HomeStack.swift in Sources */ = {isa = PBXBuildFile; fileRef = B9E698FC29B659BA00024B90 /* HomeStack.swift */; };
		B9E698FF29B7C4A800024B90 /* SearchBar.swift in Sources */ = {isa = PBXBuildFile; fileRef = B9E698FE29B7C4A800024B90 /* SearchBar.swift */; };
		B9E6990229B7C76E00024B90 /* Colors.swift in Sources */ = {isa = PBXBuildFile; fileRef = B9E6990129B7C76E00024B90 /* Colors.swift */; };
		B9E713F129836ED50075E228 /* BuildNetflixApp.swift in Sources */ = {isa = PBXBuildFile; fileRef = B9E713E129836ED10075E228 /* BuildNetflixApp.swift */; };
		B9E713F329836ED50075E228 /* ContentView.swift in Sources */ = {isa = PBXBuildFile; fileRef = B9E713E229836ED10075E228 /* ContentView.swift */; };
		B9E713F529836ED50075E228 /* Assets.xcassets in Resources */ = {isa = PBXBuildFile; fileRef = B9E713E329836ED40075E228 /* Assets.xcassets */; };
		B9E713F629836ED50075E228 /* Assets.xcassets in Resources */ = {isa = PBXBuildFile; fileRef = B9E713E329836ED40075E228 /* Assets.xcassets */; };
		B9E7140029836FFE0075E228 /* HomeView.swift in Sources */ = {isa = PBXBuildFile; fileRef = B9E713FF29836FFE0075E228 /* HomeView.swift */; };
		B9E7140129836FFE0075E228 /* HomeView.swift in Sources */ = {isa = PBXBuildFile; fileRef = B9E713FF29836FFE0075E228 /* HomeView.swift */; };
		B9E71405298418B10075E228 /* Kingfisher in Frameworks */ = {isa = PBXBuildFile; productRef = B9E71404298418B10075E228 /* Kingfisher */; };
		B9E71407298419370075E228 /* Movie.swift in Sources */ = {isa = PBXBuildFile; fileRef = B9E71406298419370075E228 /* Movie.swift */; };
		B9E71408298419370075E228 /* Movie.swift in Sources */ = {isa = PBXBuildFile; fileRef = B9E71406298419370075E228 /* Movie.swift */; };
		B9E7140A298419DA0075E228 /* StandardHomeMovie.swift in Sources */ = {isa = PBXBuildFile; fileRef = B9E71409298419DA0075E228 /* StandardHomeMovie.swift */; };
		B9E7140B298419DA0075E228 /* StandardHomeMovie.swift in Sources */ = {isa = PBXBuildFile; fileRef = B9E71409298419DA0075E228 /* StandardHomeMovie.swift */; };
		B9E7140D29841A3B0075E228 /* GlobalHelpers.swift in Sources */ = {isa = PBXBuildFile; fileRef = B9E7140C29841A3B0075E228 /* GlobalHelpers.swift */; };
		B9E7140E29841A3B0075E228 /* GlobalHelpers.swift in Sources */ = {isa = PBXBuildFile; fileRef = B9E7140C29841A3B0075E228 /* GlobalHelpers.swift */; };
		B9FB485329DB3E15006D9F58 /* PagerView.swift in Sources */ = {isa = PBXBuildFile; fileRef = B9FB485229DB3E15006D9F58 /* PagerView.swift */; };
/* End PBXBuildFile section */

/* Begin PBXFileReference section */
		B908AE3029D6018400F0CD3B /* MoviePreviewCell.swift */ = {isa = PBXFileReference; lastKnownFileType = sourcecode.swift; path = MoviePreviewCell.swift; sourceTree = "<group>"; };
		B91F3F9629C8A6D6006D97A3 /* SearchView.swift */ = {isa = PBXFileReference; lastKnownFileType = sourcecode.swift; path = SearchView.swift; sourceTree = "<group>"; };
		B91F3F9829C8A76C006D97A3 /* SearchVM.swift */ = {isa = PBXFileReference; lastKnownFileType = sourcecode.swift; path = SearchVM.swift; sourceTree = "<group>"; };
		B91F3F9A29C8D6C1006D97A3 /* GenereteMovies.swift */ = {isa = PBXFileReference; lastKnownFileType = sourcecode.swift; path = GenereteMovies.swift; sourceTree = "<group>"; };
		B924744C299582B500A07249 /* MovieDetail.swift */ = {isa = PBXFileReference; lastKnownFileType = sourcecode.swift; path = MovieDetail.swift; sourceTree = "<group>"; };
		B93068C829D25C9400591DFA /* SearchResultsGrid.swift */ = {isa = PBXFileReference; lastKnownFileType = sourcecode.swift; path = SearchResultsGrid.swift; sourceTree = "<group>"; };
		B93068CA29D3244100591DFA /* ComingSoon.swift */ = {isa = PBXFileReference; lastKnownFileType = sourcecode.swift; path = ComingSoon.swift; sourceTree = "<group>"; };
		B93068CE29D324DA00591DFA /* NotificationBar.swift */ = {isa = PBXFileReference; lastKnownFileType = sourcecode.swift; path = NotificationBar.swift; sourceTree = "<group>"; };
		B93068D029D32B4C00591DFA /* ComingSoonRow.swift */ = {isa = PBXFileReference; lastKnownFileType = sourcecode.swift; path = ComingSoonRow.swift; sourceTree = "<group>"; };
		B93068D229D478E100591DFA /* ComingSoonVM.swift */ = {isa = PBXFileReference; lastKnownFileType = sourcecode.swift; path = ComingSoonVM.swift; sourceTree = "<group>"; };
		B93068D429D47CB200591DFA /* TrackableScrollView.swift */ = {isa = PBXFileReference; lastKnownFileType = sourcecode.swift; path = TrackableScrollView.swift; sourceTree = "<group>"; };
		B93068D629D4D4A500591DFA /* DownloadsView.swift */ = {isa = PBXFileReference; lastKnownFileType = sourcecode.swift; path = DownloadsView.swift; sourceTree = "<group>"; };
		B944731329A697F400164FA0 /* CustomTabSwitcher.swift */ = {isa = PBXFileReference; lastKnownFileType = sourcecode.swift; path = CustomTabSwitcher.swift; sourceTree = "<group>"; };
		B944731729A9583100164FA0 /* MoreLikeThis.swift */ = {isa = PBXFileReference; lastKnownFileType = sourcecode.swift; path = MoreLikeThis.swift; sourceTree = "<group>"; };
		B9454602298C4E6900A744F1 /* SmallVerticalButton.swift */ = {isa = PBXFileReference; lastKnownFileType = sourcecode.swift; path = SmallVerticalButton.swift; sourceTree = "<group>"; };
		B9454605298D59BB00A744F1 /* PlayButton.swift */ = {isa = PBXFileReference; lastKnownFileType = sourcecode.swift; path = PlayButton.swift; sourceTree = "<group>"; };
		B957092F29AD40B6003310B2 /* Trailer.swift */ = {isa = PBXFileReference; lastKnownFileType = sourcecode.swift; path = Trailer.swift; sourceTree = "<group>"; };
		B957093129AD418A003310B2 /* SwiftUIVideoView.swift */ = {isa = PBXFileReference; lastKnownFileType = sourcecode.swift; path = SwiftUIVideoView.swift; sourceTree = "<group>"; };
		B957093429AD460D003310B2 /* VideoPreviewImage.swift */ = {isa = PBXFileReference; lastKnownFileType = sourcecode.swift; path = VideoPreviewImage.swift; sourceTree = "<group>"; };
		B957093629AD4A1A003310B2 /* TrailerList.swift */ = {isa = PBXFileReference; lastKnownFileType = sourcecode.swift; path = TrailerList.swift; sourceTree = "<group>"; };
		B957093B29AE9363003310B2 /* EpisodesView.swift */ = {isa = PBXFileReference; lastKnownFileType = sourcecode.swift; path = EpisodesView.swift; sourceTree = "<group>"; };
		B96BAD9829B8FA87008A158A /* ActivityIndicator.swift */ = {isa = PBXFileReference; lastKnownFileType = sourcecode.swift; path = ActivityIndicator.swift; sourceTree = "<group>"; };
		B983E61F299AD820007D5FA2 /* Episode.swift */ = {isa = PBXFileReference; lastKnownFileType = sourcecode.swift; path = Episode.swift; sourceTree = "<group>"; };
		B9CFF8C329CDD9970019C4B6 /* PopularMovieView.swift */ = {isa = PBXFileReference; lastKnownFileType = sourcecode.swift; path = PopularMovieView.swift; sourceTree = "<group>"; };
		B9D1861C2988BA1300F3D8AD /* HomeVM.swift */ = {isa = PBXFileReference; lastKnownFileType = sourcecode.swift; path = HomeVM.swift; sourceTree = "<group>"; };
		B9D1861F298B198B00F3D8AD /* TopMoviePreview.swift */ = {isa = PBXFileReference; lastKnownFileType = sourcecode.swift; path = TopMoviePreview.swift; sourceTree = "<group>"; };
		B9DDF6C029D76E290020CEB5 /* MoviePreviewRow.swift */ = {isa = PBXFileReference; lastKnownFileType = sourcecode.swift; path = MoviePreviewRow.swift; sourceTree = "<group>"; };
		B9E698FC29B659BA00024B90 /* HomeStack.swift */ = {isa = PBXFileReference; lastKnownFileType = sourcecode.swift; path = HomeStack.swift; sourceTree = "<group>"; };
		B9E698FE29B7C4A800024B90 /* SearchBar.swift */ = {isa = PBXFileReference; lastKnownFileType = sourcecode.swift; path = SearchBar.swift; sourceTree = "<group>"; };
		B9E6990129B7C76E00024B90 /* Colors.swift */ = {isa = PBXFileReference; lastKnownFileType = sourcecode.swift; path = Colors.swift; sourceTree = "<group>"; };
		B9E713E129836ED10075E228 /* BuildNetflixApp.swift */ = {isa = PBXFileReference; lastKnownFileType = sourcecode.swift; path = BuildNetflixApp.swift; sourceTree = "<group>"; };
		B9E713E229836ED10075E228 /* ContentView.swift */ = {isa = PBXFileReference; lastKnownFileType = sourcecode.swift; path = ContentView.swift; sourceTree = "<group>"; };
		B9E713E329836ED40075E228 /* Assets.xcassets */ = {isa = PBXFileReference; lastKnownFileType = folder.assetcatalog; path = Assets.xcassets; sourceTree = "<group>"; };
		B9E713E829836ED40075E228 /* BuildNetflix.app */ = {isa = PBXFileReference; explicitFileType = wrapper.application; includeInIndex = 0; path = BuildNetflix.app; sourceTree = BUILT_PRODUCTS_DIR; };
		B9E713EE29836ED50075E228 /* BuildNetflix.app */ = {isa = PBXFileReference; explicitFileType = wrapper.application; includeInIndex = 0; path = BuildNetflix.app; sourceTree = BUILT_PRODUCTS_DIR; };
		B9E713FF29836FFE0075E228 /* HomeView.swift */ = {isa = PBXFileReference; lastKnownFileType = sourcecode.swift; path = HomeView.swift; sourceTree = "<group>"; };
		B9E71406298419370075E228 /* Movie.swift */ = {isa = PBXFileReference; lastKnownFileType = sourcecode.swift; path = Movie.swift; sourceTree = "<group>"; };
		B9E71409298419DA0075E228 /* StandardHomeMovie.swift */ = {isa = PBXFileReference; lastKnownFileType = sourcecode.swift; path = StandardHomeMovie.swift; sourceTree = "<group>"; };
		B9E7140C29841A3B0075E228 /* GlobalHelpers.swift */ = {isa = PBXFileReference; lastKnownFileType = sourcecode.swift; path = GlobalHelpers.swift; sourceTree = "<group>"; };
		B9FB485229DB3E15006D9F58 /* PagerView.swift */ = {isa = PBXFileReference; lastKnownFileType = sourcecode.swift; path = PagerView.swift; sourceTree = "<group>"; };
/* End PBXFileReference section */

/* Begin PBXFrameworksBuildPhase section */
		B9E713E529836ED40075E228 /* Frameworks */ = {
			isa = PBXFrameworksBuildPhase;
			buildActionMask = 2147483647;
			files = (
				B9E71405298418B10075E228 /* Kingfisher in Frameworks */,
			);
			runOnlyForDeploymentPostprocessing = 0;
		};
		B9E713EB29836ED50075E228 /* Frameworks */ = {
			isa = PBXFrameworksBuildPhase;
			buildActionMask = 2147483647;
			files = (
			);
			runOnlyForDeploymentPostprocessing = 0;
		};
/* End PBXFrameworksBuildPhase section */

/* Begin PBXGroup section */
		B924744B2995808500A07249 /* Helpers */ = {
			isa = PBXGroup;
			children = (
				B9E7140C29841A3B0075E228 /* GlobalHelpers.swift */,
				B9E6990129B7C76E00024B90 /* Colors.swift */,
				B96BAD9829B8FA87008A158A /* ActivityIndicator.swift */,
				B91F3F9A29C8D6C1006D97A3 /* GenereteMovies.swift */,
			);
			path = Helpers;
			sourceTree = "<group>";
		};
		B93068CC29D3248600591DFA /* ComingSoon */ = {
			isa = PBXGroup;
			children = (
				B93068CA29D3244100591DFA /* ComingSoon.swift */,
				B93068CE29D324DA00591DFA /* NotificationBar.swift */,
				B93068D029D32B4C00591DFA /* ComingSoonRow.swift */,
				B93068D229D478E100591DFA /* ComingSoonVM.swift */,
				B93068D429D47CB200591DFA /* TrackableScrollView.swift */,
			);
			path = ComingSoon;
			sourceTree = "<group>";
		};
		B93068D829D4D4AB00591DFA /* DownloadsView */ = {
			isa = PBXGroup;
			children = (
				B93068D629D4D4A500591DFA /* DownloadsView.swift */,
			);
			path = DownloadsView;
			sourceTree = "<group>";
		};
		B944731529A957EF00164FA0 /* MovieDetail */ = {
			isa = PBXGroup;
			children = (
				B944731329A697F400164FA0 /* CustomTabSwitcher.swift */,
				B924744C299582B500A07249 /* MovieDetail.swift */,
				B944731729A9583100164FA0 /* MoreLikeThis.swift */,
				B957093629AD4A1A003310B2 /* TrailerList.swift */,
				B957093B29AE9363003310B2 /* EpisodesView.swift */,
			);
			path = MovieDetail;
			sourceTree = "<group>";
		};
		B957093329AD44C2003310B2 /* VideoPlayer */ = {
			isa = PBXGroup;
			children = (
				B957093129AD418A003310B2 /* SwiftUIVideoView.swift */,
				B957093429AD460D003310B2 /* VideoPreviewImage.swift */,
			);
			path = VideoPlayer;
			sourceTree = "<group>";
		};
		B957093929AD50D1003310B2 /* Model */ = {
			isa = PBXGroup;
			children = (
				B983E61F299AD820007D5FA2 /* Episode.swift */,
				B957092F29AD40B6003310B2 /* Trailer.swift */,
				B9E71406298419370075E228 /* Movie.swift */,
			);
			path = Model;
			sourceTree = "<group>";
		};
		B957093A29AD50F0003310B2 /* HelperViews */ = {
			isa = PBXGroup;
			children = (
				B9D1861F298B198B00F3D8AD /* TopMoviePreview.swift */,
				B9E71409298419DA0075E228 /* StandardHomeMovie.swift */,
				B9454602298C4E6900A744F1 /* SmallVerticalButton.swift */,
				B9454605298D59BB00A744F1 /* PlayButton.swift */,
			);
			path = HelperViews;
			sourceTree = "<group>";
		};
		B9DDF6BF29D76DE20020CEB5 /* Preview */ = {
			isa = PBXGroup;
			children = (
				B908AE3029D6018400F0CD3B /* MoviePreviewCell.swift */,
				B9DDF6C029D76E290020CEB5 /* MoviePreviewRow.swift */,
				B9FB485229DB3E15006D9F58 /* PagerView.swift */,
			);
			path = Preview;
			sourceTree = "<group>";
		};
		B9E6990029B7C4B000024B90 /* Search */ = {
			isa = PBXGroup;
			children = (
				B9E698FE29B7C4A800024B90 /* SearchBar.swift */,
				B91F3F9629C8A6D6006D97A3 /* SearchView.swift */,
				B91F3F9829C8A76C006D97A3 /* SearchVM.swift */,
				B9CFF8C329CDD9970019C4B6 /* PopularMovieView.swift */,
				B93068C829D25C9400591DFA /* SearchResultsGrid.swift */,
			);
			path = Search;
			sourceTree = "<group>";
		};
		B9E713DB29836ED10075E228 = {
			isa = PBXGroup;
			children = (
				B93068D829D4D4AB00591DFA /* DownloadsView */,
				B9E71402298370050075E228 /* HomeViews */,
				B957093329AD44C2003310B2 /* VideoPlayer */,
				B957093A29AD50F0003310B2 /* HelperViews */,
				B957093929AD50D1003310B2 /* Model */,
				B944731529A957EF00164FA0 /* MovieDetail */,
				B924744B2995808500A07249 /* Helpers */,
				B9E6990029B7C4B000024B90 /* Search */,
				B93068CC29D3248600591DFA /* ComingSoon */,
				B9DDF6BF29D76DE20020CEB5 /* Preview */,
				B9E713E129836ED10075E228 /* BuildNetflixApp.swift */,
				B9E713E229836ED10075E228 /* ContentView.swift */,
				B9E713E329836ED40075E228 /* Assets.xcassets */,
				B9E713E929836ED40075E228 /* Products */,
			);
			sourceTree = "<group>";
		};
		B9E713E929836ED40075E228 /* Products */ = {
			isa = PBXGroup;
			children = (
				B9E713E829836ED40075E228 /* BuildNetflix.app */,
				B9E713EE29836ED50075E228 /* BuildNetflix.app */,
			);
			name = Products;
			sourceTree = "<group>";
		};
		B9E71402298370050075E228 /* HomeViews */ = {
			isa = PBXGroup;
			children = (
				B9E713FF29836FFE0075E228 /* HomeView.swift */,
				B9D1861C2988BA1300F3D8AD /* HomeVM.swift */,
				B9E698FC29B659BA00024B90 /* HomeStack.swift */,
			);
			path = HomeViews;
			sourceTree = "<group>";
		};
/* End PBXGroup section */

/* Begin PBXNativeTarget section */
		B9E713E729836ED40075E228 /* BuildNetflix (iOS) */ = {
			isa = PBXNativeTarget;
			buildConfigurationList = B9E713F929836ED50075E228 /* Build configuration list for PBXNativeTarget "BuildNetflix (iOS)" */;
			buildPhases = (
				B9E713E429836ED40075E228 /* Sources */,
				B9E713E529836ED40075E228 /* Frameworks */,
				B9E713E629836ED40075E228 /* Resources */,
			);
			buildRules = (
			);
			dependencies = (
			);
			name = "BuildNetflix (iOS)";
			packageProductDependencies = (
				B9E71404298418B10075E228 /* Kingfisher */,
			);
			productName = "BuildNetflix (iOS)";
			productReference = B9E713E829836ED40075E228 /* BuildNetflix.app */;
			productType = "com.apple.product-type.application";
		};
		B9E713ED29836ED50075E228 /* BuildNetflix (macOS) */ = {
			isa = PBXNativeTarget;
			buildConfigurationList = B9E713FC29836ED50075E228 /* Build configuration list for PBXNativeTarget "BuildNetflix (macOS)" */;
			buildPhases = (
				B9E713EA29836ED50075E228 /* Sources */,
				B9E713EB29836ED50075E228 /* Frameworks */,
				B9E713EC29836ED50075E228 /* Resources */,
			);
			buildRules = (
			);
			dependencies = (
			);
			name = "BuildNetflix (macOS)";
			productName = "BuildNetflix (macOS)";
			productReference = B9E713EE29836ED50075E228 /* BuildNetflix.app */;
			productType = "com.apple.product-type.application";
		};
/* End PBXNativeTarget section */

/* Begin PBXProject section */
		B9E713DC29836ED10075E228 /* Project object */ = {
			isa = PBXProject;
			attributes = {
				BuildIndependentTargetsInParallel = 1;
				LastSwiftUpdateCheck = 1340;
				LastUpgradeCheck = 1340;
				TargetAttributes = {
					B9E713E729836ED40075E228 = {
						CreatedOnToolsVersion = 13.4.1;
					};
					B9E713ED29836ED50075E228 = {
						CreatedOnToolsVersion = 13.4.1;
					};
				};
			};
			buildConfigurationList = B9E713DF29836ED10075E228 /* Build configuration list for PBXProject "BuildNetflix" */;
			compatibilityVersion = "Xcode 13.0";
			developmentRegion = en;
			hasScannedForEncodings = 0;
			knownRegions = (
				en,
				Base,
			);
			mainGroup = B9E713DB29836ED10075E228;
			packageReferences = (
				B9E71403298418B10075E228 /* XCRemoteSwiftPackageReference "Kingfisher" */,
			);
			productRefGroup = B9E713E929836ED40075E228 /* Products */;
			projectDirPath = "";
			projectRoot = "";
			targets = (
				B9E713E729836ED40075E228 /* BuildNetflix (iOS) */,
				B9E713ED29836ED50075E228 /* BuildNetflix (macOS) */,
			);
		};
/* End PBXProject section */

/* Begin PBXResourcesBuildPhase section */
		B9E713E629836ED40075E228 /* Resources */ = {
			isa = PBXResourcesBuildPhase;
			buildActionMask = 2147483647;
			files = (
				B9E713F529836ED50075E228 /* Assets.xcassets in Resources */,
			);
			runOnlyForDeploymentPostprocessing = 0;
		};
		B9E713EC29836ED50075E228 /* Resources */ = {
			isa = PBXResourcesBuildPhase;
			buildActionMask = 2147483647;
			files = (
				B9E713F629836ED50075E228 /* Assets.xcassets in Resources */,
			);
			runOnlyForDeploymentPostprocessing = 0;
		};
/* End PBXResourcesBuildPhase section */

/* Begin PBXSourcesBuildPhase section */
		B9E713E429836ED40075E228 /* Sources */ = {
			isa = PBXSourcesBuildPhase;
			buildActionMask = 2147483647;
			files = (
				B9CFF8C429CDD9970019C4B6 /* PopularMovieView.swift in Sources */,
				B9FB485329DB3E15006D9F58 /* PagerView.swift in Sources */,
				B957093C29AE9363003310B2 /* EpisodesView.swift in Sources */,
				B93068D729D4D4A500591DFA /* DownloadsView.swift in Sources */,
				B91F3F9929C8A76C006D97A3 /* SearchVM.swift in Sources */,
				B9E6990229B7C76E00024B90 /* Colors.swift in Sources */,
				B93068CF29D324DA00591DFA /* NotificationBar.swift in Sources */,
				B9E7140D29841A3B0075E228 /* GlobalHelpers.swift in Sources */,
				B908AE3129D6018400F0CD3B /* MoviePreviewCell.swift in Sources */,
				B957093029AD40B6003310B2 /* Trailer.swift in Sources */,
				B93068CB29D3244100591DFA /* ComingSoon.swift in Sources */,
				B9DDF6C129D76E290020CEB5 /* MoviePreviewRow.swift in Sources */,
				B91F3F9729C8A6D6006D97A3 /* SearchView.swift in Sources */,
				B983E620299AD820007D5FA2 /* Episode.swift in Sources */,
				B93068C929D25C9400591DFA /* SearchResultsGrid.swift in Sources */,
				B9E7140029836FFE0075E228 /* HomeView.swift in Sources */,
				B93068D529D47CB200591DFA /* TrackableScrollView.swift in Sources */,
				B93068D329D478E100591DFA /* ComingSoonVM.swift in Sources */,
				B9D1861D2988BA1300F3D8AD /* HomeVM.swift in Sources */,
				B957093529AD460D003310B2 /* VideoPreviewImage.swift in Sources */,
				B9E713F329836ED50075E228 /* ContentView.swift in Sources */,
				B9E71407298419370075E228 /* Movie.swift in Sources */,
				B9D18620298B198B00F3D8AD /* TopMoviePreview.swift in Sources */,
				B9E7140A298419DA0075E228 /* StandardHomeMovie.swift in Sources */,
				B96BAD9929B8FA87008A158A /* ActivityIndicator.swift in Sources */,
				B9E713F129836ED50075E228 /* BuildNetflixApp.swift in Sources */,
				B944731829A9583100164FA0 /* MoreLikeThis.swift in Sources */,
				B91F3F9B29C8D6C1006D97A3 /* GenereteMovies.swift in Sources */,
				B9E698FD29B659BA00024B90 /* HomeStack.swift in Sources */,
				B9E698FF29B7C4A800024B90 /* SearchBar.swift in Sources */,
				B93068D129D32B4C00591DFA /* ComingSoonRow.swift in Sources */,
				B944731429A697F400164FA0 /* CustomTabSwitcher.swift in Sources */,
				B957093729AD4A1A003310B2 /* TrailerList.swift in Sources */,
				B9454603298C4E6900A744F1 /* SmallVerticalButton.swift in Sources */,
				B9454606298D59BB00A744F1 /* PlayButton.swift in Sources */,
				B957093229AD418A003310B2 /* SwiftUIVideoView.swift in Sources */,
				B924744D299582B500A07249 /* MovieDetail.swift in Sources */,
			);
			runOnlyForDeploymentPostprocessing = 0;
		};
		B9E713EA29836ED50075E228 /* Sources */ = {
			isa = PBXSourcesBuildPhase;
			buildActionMask = 2147483647;
			files = (
				B9E7140E29841A3B0075E228 /* GlobalHelpers.swift in Sources */,
				B983E622299AD840007D5FA2 /* Episode.swift in Sources */,
				B93068CD29D324B100591DFA /* ContentView.swift in Sources */,
				B9E7140129836FFE0075E228 /* HomeView.swift in Sources */,
				B9D1861E2988BA1300F3D8AD /* HomeVM.swift in Sources */,
				B957093829AD50C2003310B2 /* Trailer.swift in Sources */,
				B9E71408298419370075E228 /* Movie.swift in Sources */,
				B9D18621298B198B00F3D8AD /* TopMoviePreview.swift in Sources */,
				B9E7140B298419DA0075E228 /* StandardHomeMovie.swift in Sources */,
				B944731629A9582100164FA0 /* CustomTabSwitcher.swift in Sources */,
				B9454604298C4E6900A744F1 /* SmallVerticalButton.swift in Sources */,
				B9454607298D59BB00A744F1 /* PlayButton.swift in Sources */,
				B924744E299582B500A07249 /* MovieDetail.swift in Sources */,
			);
			runOnlyForDeploymentPostprocessing = 0;
		};
/* End PBXSourcesBuildPhase section */

/* Begin XCBuildConfiguration section */
		B9E713F729836ED50075E228 /* Debug */ = {
			isa = XCBuildConfiguration;
			buildSettings = {
				ALWAYS_SEARCH_USER_PATHS = NO;
				CLANG_ANALYZER_NONNULL = YES;
				CLANG_ANALYZER_NUMBER_OBJECT_CONVERSION = YES_AGGRESSIVE;
				CLANG_CXX_LANGUAGE_STANDARD = "gnu++17";
				CLANG_ENABLE_MODULES = YES;
				CLANG_ENABLE_OBJC_ARC = YES;
				CLANG_ENABLE_OBJC_WEAK = YES;
				CLANG_WARN_BLOCK_CAPTURE_AUTORELEASING = YES;
				CLANG_WARN_BOOL_CONVERSION = YES;
				CLANG_WARN_COMMA = YES;
				CLANG_WARN_CONSTANT_CONVERSION = YES;
				CLANG_WARN_DEPRECATED_OBJC_IMPLEMENTATIONS = YES;
				CLANG_WARN_DIRECT_OBJC_ISA_USAGE = YES_ERROR;
				CLANG_WARN_DOCUMENTATION_COMMENTS = YES;
				CLANG_WARN_EMPTY_BODY = YES;
				CLANG_WARN_ENUM_CONVERSION = YES;
				CLANG_WARN_INFINITE_RECURSION = YES;
				CLANG_WARN_INT_CONVERSION = YES;
				CLANG_WARN_NON_LITERAL_NULL_CONVERSION = YES;
				CLANG_WARN_OBJC_IMPLICIT_RETAIN_SELF = YES;
				CLANG_WARN_OBJC_LITERAL_CONVERSION = YES;
				CLANG_WARN_OBJC_ROOT_CLASS = YES_ERROR;
				CLANG_WARN_QUOTED_INCLUDE_IN_FRAMEWORK_HEADER = YES;
				CLANG_WARN_RANGE_LOOP_ANALYSIS = YES;
				CLANG_WARN_STRICT_PROTOTYPES = YES;
				CLANG_WARN_SUSPICIOUS_MOVE = YES;
				CLANG_WARN_UNGUARDED_AVAILABILITY = YES_AGGRESSIVE;
				CLANG_WARN_UNREACHABLE_CODE = YES;
				CLANG_WARN__DUPLICATE_METHOD_MATCH = YES;
				COPY_PHASE_STRIP = NO;
				DEBUG_INFORMATION_FORMAT = dwarf;
				ENABLE_STRICT_OBJC_MSGSEND = YES;
				ENABLE_TESTABILITY = YES;
				GCC_C_LANGUAGE_STANDARD = gnu11;
				GCC_DYNAMIC_NO_PIC = NO;
				GCC_NO_COMMON_BLOCKS = YES;
				GCC_OPTIMIZATION_LEVEL = 0;
				GCC_PREPROCESSOR_DEFINITIONS = (
					"DEBUG=1",
					"$(inherited)",
				);
				GCC_WARN_64_TO_32_BIT_CONVERSION = YES;
				GCC_WARN_ABOUT_RETURN_TYPE = YES_ERROR;
				GCC_WARN_UNDECLARED_SELECTOR = YES;
				GCC_WARN_UNINITIALIZED_AUTOS = YES_AGGRESSIVE;
				GCC_WARN_UNUSED_FUNCTION = YES;
				GCC_WARN_UNUSED_VARIABLE = YES;
				MTL_ENABLE_DEBUG_INFO = INCLUDE_SOURCE;
				MTL_FAST_MATH = YES;
				ONLY_ACTIVE_ARCH = YES;
				SWIFT_ACTIVE_COMPILATION_CONDITIONS = DEBUG;
				SWIFT_OPTIMIZATION_LEVEL = "-Onone";
			};
			name = Debug;
		};
		B9E713F829836ED50075E228 /* Release */ = {
			isa = XCBuildConfiguration;
			buildSettings = {
				ALWAYS_SEARCH_USER_PATHS = NO;
				CLANG_ANALYZER_NONNULL = YES;
				CLANG_ANALYZER_NUMBER_OBJECT_CONVERSION = YES_AGGRESSIVE;
				CLANG_CXX_LANGUAGE_STANDARD = "gnu++17";
				CLANG_ENABLE_MODULES = YES;
				CLANG_ENABLE_OBJC_ARC = YES;
				CLANG_ENABLE_OBJC_WEAK = YES;
				CLANG_WARN_BLOCK_CAPTURE_AUTORELEASING = YES;
				CLANG_WARN_BOOL_CONVERSION = YES;
				CLANG_WARN_COMMA = YES;
				CLANG_WARN_CONSTANT_CONVERSION = YES;
				CLANG_WARN_DEPRECATED_OBJC_IMPLEMENTATIONS = YES;
				CLANG_WARN_DIRECT_OBJC_ISA_USAGE = YES_ERROR;
				CLANG_WARN_DOCUMENTATION_COMMENTS = YES;
				CLANG_WARN_EMPTY_BODY = YES;
				CLANG_WARN_ENUM_CONVERSION = YES;
				CLANG_WARN_INFINITE_RECURSION = YES;
				CLANG_WARN_INT_CONVERSION = YES;
				CLANG_WARN_NON_LITERAL_NULL_CONVERSION = YES;
				CLANG_WARN_OBJC_IMPLICIT_RETAIN_SELF = YES;
				CLANG_WARN_OBJC_LITERAL_CONVERSION = YES;
				CLANG_WARN_OBJC_ROOT_CLASS = YES_ERROR;
				CLANG_WARN_QUOTED_INCLUDE_IN_FRAMEWORK_HEADER = YES;
				CLANG_WARN_RANGE_LOOP_ANALYSIS = YES;
				CLANG_WARN_STRICT_PROTOTYPES = YES;
				CLANG_WARN_SUSPICIOUS_MOVE = YES;
				CLANG_WARN_UNGUARDED_AVAILABILITY = YES_AGGRESSIVE;
				CLANG_WARN_UNREACHABLE_CODE = YES;
				CLANG_WARN__DUPLICATE_METHOD_MATCH = YES;
				COPY_PHASE_STRIP = NO;
				DEBUG_INFORMATION_FORMAT = "dwarf-with-dsym";
				ENABLE_NS_ASSERTIONS = NO;
				ENABLE_STRICT_OBJC_MSGSEND = YES;
				GCC_C_LANGUAGE_STANDARD = gnu11;
				GCC_NO_COMMON_BLOCKS = YES;
				GCC_WARN_64_TO_32_BIT_CONVERSION = YES;
				GCC_WARN_ABOUT_RETURN_TYPE = YES_ERROR;
				GCC_WARN_UNDECLARED_SELECTOR = YES;
				GCC_WARN_UNINITIALIZED_AUTOS = YES_AGGRESSIVE;
				GCC_WARN_UNUSED_FUNCTION = YES;
				GCC_WARN_UNUSED_VARIABLE = YES;
				MTL_ENABLE_DEBUG_INFO = NO;
				MTL_FAST_MATH = YES;
				SWIFT_COMPILATION_MODE = wholemodule;
				SWIFT_OPTIMIZATION_LEVEL = "-O";
			};
			name = Release;
		};
		B9E713FA29836ED50075E228 /* Debug */ = {
			isa = XCBuildConfiguration;
			buildSettings = {
				ASSETCATALOG_COMPILER_APPICON_NAME = AppIcon;
				ASSETCATALOG_COMPILER_GLOBAL_ACCENT_COLOR_NAME = AccentColor;
				CODE_SIGN_STYLE = Automatic;
				CURRENT_PROJECT_VERSION = 1;
				DEVELOPMENT_TEAM = 937VY4WKQX;
				ENABLE_PREVIEWS = YES;
				GENERATE_INFOPLIST_FILE = YES;
				INFOPLIST_KEY_UIApplicationSceneManifest_Generation = YES;
				INFOPLIST_KEY_UIApplicationSupportsIndirectInputEvents = YES;
				INFOPLIST_KEY_UILaunchScreen_Generation = YES;
				INFOPLIST_KEY_UISupportedInterfaceOrientations_iPad = "UIInterfaceOrientationPortrait UIInterfaceOrientationPortraitUpsideDown UIInterfaceOrientationLandscapeLeft UIInterfaceOrientationLandscapeRight";
				INFOPLIST_KEY_UISupportedInterfaceOrientations_iPhone = "UIInterfaceOrientationPortrait UIInterfaceOrientationLandscapeLeft UIInterfaceOrientationLandscapeRight";
				IPHONEOS_DEPLOYMENT_TARGET = 15.5;
				LD_RUNPATH_SEARCH_PATHS = (
					"$(inherited)",
					"@executable_path/Frameworks",
				);
				MARKETING_VERSION = 1.0;
				PRODUCT_BUNDLE_IDENTIFIER = com.marcoskoch.BuildNetflix;
				PRODUCT_NAME = BuildNetflix;
				SDKROOT = iphoneos;
				SWIFT_EMIT_LOC_STRINGS = YES;
				SWIFT_VERSION = 5.0;
				TARGETED_DEVICE_FAMILY = "1,2";
			};
			name = Debug;
		};
		B9E713FB29836ED50075E228 /* Release */ = {
			isa = XCBuildConfiguration;
			buildSettings = {
				ASSETCATALOG_COMPILER_APPICON_NAME = AppIcon;
				ASSETCATALOG_COMPILER_GLOBAL_ACCENT_COLOR_NAME = AccentColor;
				CODE_SIGN_STYLE = Automatic;
				CURRENT_PROJECT_VERSION = 1;
				DEVELOPMENT_TEAM = 937VY4WKQX;
				ENABLE_PREVIEWS = YES;
				GENERATE_INFOPLIST_FILE = YES;
				INFOPLIST_KEY_UIApplicationSceneManifest_Generation = YES;
				INFOPLIST_KEY_UIApplicationSupportsIndirectInputEvents = YES;
				INFOPLIST_KEY_UILaunchScreen_Generation = YES;
				INFOPLIST_KEY_UISupportedInterfaceOrientations_iPad = "UIInterfaceOrientationPortrait UIInterfaceOrientationPortraitUpsideDown UIInterfaceOrientationLandscapeLeft UIInterfaceOrientationLandscapeRight";
				INFOPLIST_KEY_UISupportedInterfaceOrientations_iPhone = "UIInterfaceOrientationPortrait UIInterfaceOrientationLandscapeLeft UIInterfaceOrientationLandscapeRight";
				IPHONEOS_DEPLOYMENT_TARGET = 15.5;
				LD_RUNPATH_SEARCH_PATHS = (
					"$(inherited)",
					"@executable_path/Frameworks",
				);
				MARKETING_VERSION = 1.0;
				PRODUCT_BUNDLE_IDENTIFIER = com.marcoskoch.BuildNetflix;
				PRODUCT_NAME = BuildNetflix;
				SDKROOT = iphoneos;
				SWIFT_EMIT_LOC_STRINGS = YES;
				SWIFT_VERSION = 5.0;
				TARGETED_DEVICE_FAMILY = "1,2";
				VALIDATE_PRODUCT = YES;
			};
			name = Release;
		};
		B9E713FD29836ED50075E228 /* Debug */ = {
			isa = XCBuildConfiguration;
			buildSettings = {
				ASSETCATALOG_COMPILER_APPICON_NAME = AppIcon;
				ASSETCATALOG_COMPILER_GLOBAL_ACCENT_COLOR_NAME = AccentColor;
				CODE_SIGN_ENTITLEMENTS = macOS/macOS.entitlements;
				CODE_SIGN_STYLE = Automatic;
				COMBINE_HIDPI_IMAGES = YES;
				CURRENT_PROJECT_VERSION = 1;
				DEVELOPMENT_TEAM = 937VY4WKQX;
				ENABLE_HARDENED_RUNTIME = YES;
				ENABLE_PREVIEWS = YES;
				GENERATE_INFOPLIST_FILE = YES;
				INFOPLIST_KEY_NSHumanReadableCopyright = "";
				LD_RUNPATH_SEARCH_PATHS = (
					"$(inherited)",
					"@executable_path/../Frameworks",
				);
				MACOSX_DEPLOYMENT_TARGET = 12.3;
				MARKETING_VERSION = 1.0;
				PRODUCT_BUNDLE_IDENTIFIER = com.marcoskoch.BuildNetflix;
				PRODUCT_NAME = BuildNetflix;
				SDKROOT = macosx;
				SWIFT_EMIT_LOC_STRINGS = YES;
				SWIFT_VERSION = 5.0;
			};
			name = Debug;
		};
		B9E713FE29836ED50075E228 /* Release */ = {
			isa = XCBuildConfiguration;
			buildSettings = {
				ASSETCATALOG_COMPILER_APPICON_NAME = AppIcon;
				ASSETCATALOG_COMPILER_GLOBAL_ACCENT_COLOR_NAME = AccentColor;
				CODE_SIGN_ENTITLEMENTS = macOS/macOS.entitlements;
				CODE_SIGN_STYLE = Automatic;
				COMBINE_HIDPI_IMAGES = YES;
				CURRENT_PROJECT_VERSION = 1;
				DEVELOPMENT_TEAM = 937VY4WKQX;
				ENABLE_HARDENED_RUNTIME = YES;
				ENABLE_PREVIEWS = YES;
				GENERATE_INFOPLIST_FILE = YES;
				INFOPLIST_KEY_NSHumanReadableCopyright = "";
				LD_RUNPATH_SEARCH_PATHS = (
					"$(inherited)",
					"@executable_path/../Frameworks",
				);
				MACOSX_DEPLOYMENT_TARGET = 12.3;
				MARKETING_VERSION = 1.0;
				PRODUCT_BUNDLE_IDENTIFIER = com.marcoskoch.BuildNetflix;
				PRODUCT_NAME = BuildNetflix;
				SDKROOT = macosx;
				SWIFT_EMIT_LOC_STRINGS = YES;
				SWIFT_VERSION = 5.0;
			};
			name = Release;
		};
/* End XCBuildConfiguration section */

/* Begin XCConfigurationList section */
		B9E713DF29836ED10075E228 /* Build configuration list for PBXProject "BuildNetflix" */ = {
			isa = XCConfigurationList;
			buildConfigurations = (
				B9E713F729836ED50075E228 /* Debug */,
				B9E713F829836ED50075E228 /* Release */,
			);
			defaultConfigurationIsVisible = 0;
			defaultConfigurationName = Release;
		};
		B9E713F929836ED50075E228 /* Build configuration list for PBXNativeTarget "BuildNetflix (iOS)" */ = {
			isa = XCConfigurationList;
			buildConfigurations = (
				B9E713FA29836ED50075E228 /* Debug */,
				B9E713FB29836ED50075E228 /* Release */,
			);
			defaultConfigurationIsVisible = 0;
			defaultConfigurationName = Release;
		};
		B9E713FC29836ED50075E228 /* Build configuration list for PBXNativeTarget "BuildNetflix (macOS)" */ = {
			isa = XCConfigurationList;
			buildConfigurations = (
				B9E713FD29836ED50075E228 /* Debug */,
				B9E713FE29836ED50075E228 /* Release */,
			);
			defaultConfigurationIsVisible = 0;
			defaultConfigurationName = Release;
		};
/* End XCConfigurationList section */

/* Begin XCRemoteSwiftPackageReference section */
		B9E71403298418B10075E228 /* XCRemoteSwiftPackageReference "Kingfisher" */ = {
			isa = XCRemoteSwiftPackageReference;
			repositoryURL = "https://github.com/onevcat/Kingfisher.git";
			requirement = {
				kind = upToNextMajorVersion;
				minimumVersion = 7.0.0;
			};
		};
/* End XCRemoteSwiftPackageReference section */

/* Begin XCSwiftPackageProductDependency section */
		B9E71404298418B10075E228 /* Kingfisher */ = {
			isa = XCSwiftPackageProductDependency;
			package = B9E71403298418B10075E228 /* XCRemoteSwiftPackageReference "Kingfisher" */;
			productName = Kingfisher;
		};
/* End XCSwiftPackageProductDependency section */
	};
	rootObject = B9E713DC29836ED10075E228 /* Project object */;
}
